// !$*UTF8*$!
{
	archiveVersion = 1;
	classes = {
	};
	objectVersion = 55;
	objects = {

/* Begin PBXBuildFile section */
		63D6B7A2299A3275001049A1 /* AppDelegate.swift in Sources */ = {isa = PBXBuildFile; fileRef = 63D6B7A1299A3275001049A1 /* AppDelegate.swift */; };
		63D6B7A4299A3275001049A1 /* SceneDelegate.swift in Sources */ = {isa = PBXBuildFile; fileRef = 63D6B7A3299A3275001049A1 /* SceneDelegate.swift */; };
		63D6B7A6299A3275001049A1 /* LoginViewController.swift in Sources */ = {isa = PBXBuildFile; fileRef = 63D6B7A5299A3275001049A1 /* LoginViewController.swift */; };
		63D6B7A9299A3275001049A1 /* Main.storyboard in Resources */ = {isa = PBXBuildFile; fileRef = 63D6B7A7299A3275001049A1 /* Main.storyboard */; };
		63D6B7AB299A3278001049A1 /* Assets.xcassets in Resources */ = {isa = PBXBuildFile; fileRef = 63D6B7AA299A3278001049A1 /* Assets.xcassets */; };
		63D6B7AE299A3278001049A1 /* LaunchScreen.storyboard in Resources */ = {isa = PBXBuildFile; fileRef = 63D6B7AC299A3278001049A1 /* LaunchScreen.storyboard */; };
		63D6B7B6299A34F9001049A1 /* WelkomeViewController.swift in Sources */ = {isa = PBXBuildFile; fileRef = 63D6B7B5299A34F9001049A1 /* WelkomeViewController.swift */; };
		63D6B7B8299A3544001049A1 /* GradientsSettingColor.swift in Sources */ = {isa = PBXBuildFile; fileRef = 63D6B7B7299A3544001049A1 /* GradientsSettingColor.swift */; };
/* End PBXBuildFile section */

/* Begin PBXFileReference section */
		63D6B79E299A3275001049A1 /* AplicationsLoginName.app */ = {isa = PBXFileReference; explicitFileType = wrapper.application; includeInIndex = 0; path = AplicationsLoginName.app; sourceTree = BUILT_PRODUCTS_DIR; };
		63D6B7A1299A3275001049A1 /* AppDelegate.swift */ = {isa = PBXFileReference; lastKnownFileType = sourcecode.swift; path = AppDelegate.swift; sourceTree = "<group>"; };
		63D6B7A3299A3275001049A1 /* SceneDelegate.swift */ = {isa = PBXFileReference; lastKnownFileType = sourcecode.swift; path = SceneDelegate.swift; sourceTree = "<group>"; };
		63D6B7A5299A3275001049A1 /* LoginViewController.swift */ = {isa = PBXFileReference; lastKnownFileType = sourcecode.swift; path = LoginViewController.swift; sourceTree = "<group>"; };
		63D6B7A8299A3275001049A1 /* Base */ = {isa = PBXFileReference; lastKnownFileType = file.storyboard; name = Base; path = Base.lproj/Main.storyboard; sourceTree = "<group>"; };
		63D6B7AA299A3278001049A1 /* Assets.xcassets */ = {isa = PBXFileReference; lastKnownFileType = folder.assetcatalog; path = Assets.xcassets; sourceTree = "<group>"; };
		63D6B7AD299A3278001049A1 /* Base */ = {isa = PBXFileReference; lastKnownFileType = file.storyboard; name = Base; path = Base.lproj/LaunchScreen.storyboard; sourceTree = "<group>"; };
		63D6B7AF299A3278001049A1 /* Info.plist */ = {isa = PBXFileReference; lastKnownFileType = text.plist.xml; path = Info.plist; sourceTree = "<group>"; };
		63D6B7B5299A34F9001049A1 /* WelkomeViewController.swift */ = {isa = PBXFileReference; lastKnownFileType = sourcecode.swift; path = WelkomeViewController.swift; sourceTree = "<group>"; };
		63D6B7B7299A3544001049A1 /* GradientsSettingColor.swift */ = {isa = PBXFileReference; lastKnownFileType = sourcecode.swift; path = GradientsSettingColor.swift; sourceTree = "<group>"; };
/* End PBXFileReference section */

/* Begin PBXFrameworksBuildPhase section */
		63D6B79B299A3275001049A1 /* Frameworks */ = {
			isa = PBXFrameworksBuildPhase;
			buildActionMask = 2147483647;
			files = (
			);
			runOnlyForDeploymentPostprocessing = 0;
		};
/* End PBXFrameworksBuildPhase section */

/* Begin PBXGroup section */
		63D6B795299A3275001049A1 = {
			isa = PBXGroup;
			children = (
				63D6B7A0299A3275001049A1 /* AplicationsLoginName */,
				63D6B79F299A3275001049A1 /* Products */,
			);
			sourceTree = "<group>";
		};
		63D6B79F299A3275001049A1 /* Products */ = {
			isa = PBXGroup;
			children = (
				63D6B79E299A3275001049A1 /* AplicationsLoginName.app */,
			);
			name = Products;
			sourceTree = "<group>";
		};
		63D6B7A0299A3275001049A1 /* AplicationsLoginName */ = {
			isa = PBXGroup;
			children = (
				63D6B7A1299A3275001049A1 /* AppDelegate.swift */,
				63D6B7A3299A3275001049A1 /* SceneDelegate.swift */,
				63D6B7B7299A3544001049A1 /* GradientsSettingColor.swift */,
				63D6B7A5299A3275001049A1 /* LoginViewController.swift */,
				63D6B7B5299A34F9001049A1 /* WelkomeViewController.swift */,
				63D6B7A7299A3275001049A1 /* Main.storyboard */,
				63D6B7AA299A3278001049A1 /* Assets.xcassets */,
				63D6B7AC299A3278001049A1 /* LaunchScreen.storyboard */,
				63D6B7AF299A3278001049A1 /* Info.plist */,
			);
			path = AplicationsLoginName;
			sourceTree = "<group>";
		};
/* End PBXGroup section */

/* Begin PBXNativeTarget section */
		63D6B79D299A3275001049A1 /* AplicationsLoginName */ = {
			isa = PBXNativeTarget;
			buildConfigurationList = 63D6B7B2299A3278001049A1 /* Build configuration list for PBXNativeTarget "AplicationsLoginName" */;
			buildPhases = (
				63D6B79A299A3275001049A1 /* Sources */,
				63D6B79B299A3275001049A1 /* Frameworks */,
				63D6B79C299A3275001049A1 /* Resources */,
			);
			buildRules = (
			);
			dependencies = (
			);
			name = AplicationsLoginName;
			productName = AplicationsLoginName;
			productReference = 63D6B79E299A3275001049A1 /* AplicationsLoginName.app */;
			productType = "com.apple.product-type.application";
		};
/* End PBXNativeTarget section */

/* Begin PBXProject section */
		63D6B796299A3275001049A1 /* Project object */ = {
			isa = PBXProject;
			attributes = {
				BuildIndependentTargetsInParallel = 1;
				LastSwiftUpdateCheck = 1340;
				LastUpgradeCheck = 1340;
				TargetAttributes = {
					63D6B79D299A3275001049A1 = {
						CreatedOnToolsVersion = 13.4.1;
					};
				};
			};
			buildConfigurationList = 63D6B799299A3275001049A1 /* Build configuration list for PBXProject "AplicationsLoginName" */;
			compatibilityVersion = "Xcode 13.0";
			developmentRegion = en;
			hasScannedForEncodings = 0;
			knownRegions = (
				en,
				Base,
			);
			mainGroup = 63D6B795299A3275001049A1;
			productRefGroup = 63D6B79F299A3275001049A1 /* Products */;
			projectDirPath = "";
			projectRoot = "";
			targets = (
				63D6B79D299A3275001049A1 /* AplicationsLoginName */,
			);
		};
/* End PBXProject section */

/* Begin PBXResourcesBuildPhase section */
		63D6B79C299A3275001049A1 /* Resources */ = {
			isa = PBXResourcesBuildPhase;
			buildActionMask = 2147483647;
			files = (
				63D6B7AE299A3278001049A1 /* LaunchScreen.storyboard in Resources */,
				63D6B7AB299A3278001049A1 /* Assets.xcassets in Resources */,
				63D6B7A9299A3275001049A1 /* Main.storyboard in Resources */,
			);
			runOnlyForDeploymentPostprocessing = 0;
		};
/* End PBXResourcesBuildPhase section */

/* Begin PBXSourcesBuildPhase section */
		63D6B79A299A3275001049A1 /* Sources */ = {
			isa = PBXSourcesBuildPhase;
			buildActionMask = 2147483647;
			files = (
				63D6B7A6299A3275001049A1 /* LoginViewController.swift in Sources */,
				63D6B7B6299A34F9001049A1 /* WelkomeViewController.swift in Sources */,
				63D6B7A2299A3275001049A1 /* AppDelegate.swift in Sources */,
				63D6B7A4299A3275001049A1 /* SceneDelegate.swift in Sources */,
				63D6B7B8299A3544001049A1 /* GradientsSettingColor.swift in Sources */,
			);
			runOnlyForDeploymentPostprocessing = 0;
		};
/* End PBXSourcesBuildPhase section */

/* Begin PBXVariantGroup section */
		63D6B7A7299A3275001049A1 /* Main.storyboard */ = {
			isa = PBXVariantGroup;
			children = (
				63D6B7A8299A3275001049A1 /* Base */,
			);
			name = Main.storyboard;
			sourceTree = "<group>";
		};
		63D6B7AC299A3278001049A1 /* LaunchScreen.storyboard */ = {
			isa = PBXVariantGroup;
			children = (
				63D6B7AD299A3278001049A1 /* Base */,
			);
			name = LaunchScreen.storyboard;
			sourceTree = "<group>";
		};
/* End PBXVariantGroup section */

/* Begin XCBuildConfiguration section */
		63D6B7B0299A3278001049A1 /* Debug */ = {
			isa = XCBuildConfiguration;
			buildSettings = {
				ALWAYS_SEARCH_USER_PATHS = NO;
				CLANG_ANALYZER_NONNULL = YES;
				CLANG_ANALYZER_NUMBER_OBJECT_CONVERSION = YES_AGGRESSIVE;
				CLANG_CXX_LANGUAGE_STANDARD = "gnu++17";
				CLANG_ENABLE_MODULES = YES;
				CLANG_ENABLE_OBJC_ARC = YES;
				CLANG_ENABLE_OBJC_WEAK = YES;
				CLANG_WARN_BLOCK_CAPTURE_AUTORELEASING = YES;
				CLANG_WARN_BOOL_CONVERSION = YES;
				CLANG_WARN_COMMA = YES;
				CLANG_WARN_CONSTANT_CONVERSION = YES;
				CLANG_WARN_DEPRECATED_OBJC_IMPLEMENTATIONS = YES;
				CLANG_WARN_DIRECT_OBJC_ISA_USAGE = YES_ERROR;
				CLANG_WARN_DOCUMENTATION_COMMENTS = YES;
				CLANG_WARN_EMPTY_BODY = YES;
				CLANG_WARN_ENUM_CONVERSION = YES;
				CLANG_WARN_INFINITE_RECURSION = YES;
				CLANG_WARN_INT_CONVERSION = YES;
				CLANG_WARN_NON_LITERAL_NULL_CONVERSION = YES;
				CLANG_WARN_OBJC_IMPLICIT_RETAIN_SELF = YES;
				CLANG_WARN_OBJC_LITERAL_CONVERSION = YES;
				CLANG_WARN_OBJC_ROOT_CLASS = YES_ERROR;
				CLANG_WARN_QUOTED_INCLUDE_IN_FRAMEWORK_HEADER = YES;
				CLANG_WARN_RANGE_LOOP_ANALYSIS = YES;
				CLANG_WARN_STRICT_PROTOTYPES = YES;
				CLANG_WARN_SUSPICIOUS_MOVE = YES;
				CLANG_WARN_UNGUARDED_AVAILABILITY = YES_AGGRESSIVE;
				CLANG_WARN_UNREACHABLE_CODE = YES;
				CLANG_WARN__DUPLICATE_METHOD_MATCH = YES;
				COPY_PHASE_STRIP = NO;
				DEBUG_INFORMATION_FORMAT = dwarf;
				ENABLE_STRICT_OBJC_MSGSEND = YES;
				ENABLE_TESTABILITY = YES;
				GCC_C_LANGUAGE_STANDARD = gnu11;
				GCC_DYNAMIC_NO_PIC = NO;
				GCC_NO_COMMON_BLOCKS = YES;
				GCC_OPTIMIZATION_LEVEL = 0;
				GCC_PREPROCESSOR_DEFINITIONS = (
					"DEBUG=1",
					"$(inherited)",
				);
				GCC_WARN_64_TO_32_BIT_CONVERSION = YES;
				GCC_WARN_ABOUT_RETURN_TYPE = YES_ERROR;
				GCC_WARN_UNDECLARED_SELECTOR = YES;
				GCC_WARN_UNINITIALIZED_AUTOS = YES_AGGRESSIVE;
				GCC_WARN_UNUSED_FUNCTION = YES;
				GCC_WARN_UNUSED_VARIABLE = YES;
				IPHONEOS_DEPLOYMENT_TARGET = 15.5;
				MTL_ENABLE_DEBUG_INFO = INCLUDE_SOURCE;
				MTL_FAST_MATH = YES;
				ONLY_ACTIVE_ARCH = YES;
				SDKROOT = iphoneos;
				SWIFT_ACTIVE_COMPILATION_CONDITIONS = DEBUG;
				SWIFT_OPTIMIZATION_LEVEL = "-Onone";
			};
			name = Debug;
		};
		63D6B7B1299A3278001049A1 /* Release */ = {
			isa = XCBuildConfiguration;
			buildSettings = {
				ALWAYS_SEARCH_USER_PATHS = NO;
				CLANG_ANALYZER_NONNULL = YES;
				CLANG_ANALYZER_NUMBER_OBJECT_CONVERSION = YES_AGGRESSIVE;
				CLANG_CXX_LANGUAGE_STANDARD = "gnu++17";
				CLANG_ENABLE_MODULES = YES;
				CLANG_ENABLE_OBJC_ARC = YES;
				CLANG_ENABLE_OBJC_WEAK = YES;
				CLANG_WARN_BLOCK_CAPTURE_AUTORELEASING = YES;
				CLANG_WARN_BOOL_CONVERSION = YES;
				CLANG_WARN_COMMA = YES;
				CLANG_WARN_CONSTANT_CONVERSION = YES;
				CLANG_WARN_DEPRECATED_OBJC_IMPLEMENTATIONS = YES;
				CLANG_WARN_DIRECT_OBJC_ISA_USAGE = YES_ERROR;
				CLANG_WARN_DOCUMENTATION_COMMENTS = YES;
				CLANG_WARN_EMPTY_BODY = YES;
				CLANG_WARN_ENUM_CONVERSION = YES;
				CLANG_WARN_INFINITE_RECURSION = YES;
				CLANG_WARN_INT_CONVERSION = YES;
				CLANG_WARN_NON_LITERAL_NULL_CONVERSION = YES;
				CLANG_WARN_OBJC_IMPLICIT_RETAIN_SELF = YES;
				CLANG_WARN_OBJC_LITERAL_CONVERSION = YES;
				CLANG_WARN_OBJC_ROOT_CLASS = YES_ERROR;
				CLANG_WARN_QUOTED_INCLUDE_IN_FRAMEWORK_HEADER = YES;
				CLANG_WARN_RANGE_LOOP_ANALYSIS = YES;
				CLANG_WARN_STRICT_PROTOTYPES = YES;
				CLANG_WARN_SUSPICIOUS_MOVE = YES;
				CLANG_WARN_UNGUARDED_AVAILABILITY = YES_AGGRESSIVE;
				CLANG_WARN_UNREACHABLE_CODE = YES;
				CLANG_WARN__DUPLICATE_METHOD_MATCH = YES;
				COPY_PHASE_STRIP = NO;
				DEBUG_INFORMATION_FORMAT = "dwarf-with-dsym";
				ENABLE_NS_ASSERTIONS = NO;
				ENABLE_STRICT_OBJC_MSGSEND = YES;
				GCC_C_LANGUAGE_STANDARD = gnu11;
				GCC_NO_COMMON_BLOCKS = YES;
				GCC_WARN_64_TO_32_BIT_CONVERSION = YES;
				GCC_WARN_ABOUT_RETURN_TYPE = YES_ERROR;
				GCC_WARN_UNDECLARED_SELECTOR = YES;
				GCC_WARN_UNINITIALIZED_AUTOS = YES_AGGRESSIVE;
				GCC_WARN_UNUSED_FUNCTION = YES;
				GCC_WARN_UNUSED_VARIABLE = YES;
				IPHONEOS_DEPLOYMENT_TARGET = 15.5;
				MTL_ENABLE_DEBUG_INFO = NO;
				MTL_FAST_MATH = YES;
				SDKROOT = iphoneos;
				SWIFT_COMPILATION_MODE = wholemodule;
				SWIFT_OPTIMIZATION_LEVEL = "-O";
				VALIDATE_PRODUCT = YES;
			};
			name = Release;
		};
		63D6B7B3299A3278001049A1 /* Debug */ = {
			isa = XCBuildConfiguration;
			buildSettings = {
				ASSETCATALOG_COMPILER_APPICON_NAME = AppIcon;
				ASSETCATALOG_COMPILER_GLOBAL_ACCENT_COLOR_NAME = AccentColor;
				CODE_SIGN_STYLE = Automatic;
				CURRENT_PROJECT_VERSION = 1;
				DEVELOPMENT_TEAM = 64388P5GRJ;
				GENERATE_INFOPLIST_FILE = YES;
				INFOPLIST_FILE = AplicationsLoginName/Info.plist;
				INFOPLIST_KEY_UIApplicationSupportsIndirectInputEvents = YES;
				INFOPLIST_KEY_UILaunchStoryboardName = LaunchScreen;
				INFOPLIST_KEY_UIMainStoryboardFile = Main;
				INFOPLIST_KEY_UISupportedInterfaceOrientations_iPad = "UIInterfaceOrientationPortrait UIInterfaceOrientationPortraitUpsideDown UIInterfaceOrientationLandscapeLeft UIInterfaceOrientationLandscapeRight";
				INFOPLIST_KEY_UISupportedInterfaceOrientations_iPhone = "UIInterfaceOrientationPortrait UIInterfaceOrientationLandscapeLeft UIInterfaceOrientationLandscapeRight";
				LD_RUNPATH_SEARCH_PATHS = (
					"$(inherited)",
					"@executable_path/Frameworks",
				);
				MARKETING_VERSION = 1.0;
				PRODUCT_BUNDLE_IDENTIFIER = Imamagomedov.AplicationsLoginName;
				PRODUCT_NAME = "$(TARGET_NAME)";
				SWIFT_EMIT_LOC_STRINGS = YES;
				SWIFT_VERSION = 5.0;
				TARGETED_DEVICE_FAMILY = 1;
			};
			name = Debug;
		};
		63D6B7B4299A3278001049A1 /* Release */ = {
			isa = XCBuildConfiguration;
			buildSettings = {
				ASSETCATALOG_COMPILER_APPICON_NAME = AppIcon;
				ASSETCATALOG_COMPILER_GLOBAL_ACCENT_COLOR_NAME = AccentColor;
				CODE_SIGN_STYLE = Automatic;
				CURRENT_PROJECT_VERSION = 1;
				DEVELOPMENT_TEAM = 64388P5GRJ;
				GENERATE_INFOPLIST_FILE = YES;
				INFOPLIST_FILE = AplicationsLoginName/Info.plist;
				INFOPLIST_KEY_UIApplicationSupportsIndirectInputEvents = YES;
				INFOPLIST_KEY_UILaunchStoryboardName = LaunchScreen;
				INFOPLIST_KEY_UIMainStoryboardFile = Main;
				INFOPLIST_KEY_UISupportedInterfaceOrientations_iPad = "UIInterfaceOrientationPortrait UIInterfaceOrientationPortraitUpsideDown UIInterfaceOrientationLandscapeLeft UIInterfaceOrientationLandscapeRight";
				INFOPLIST_KEY_UISupportedInterfaceOrientations_iPhone = "UIInterfaceOrientationPortrait UIInterfaceOrientationLandscapeLeft UIInterfaceOrientationLandscapeRight";
				LD_RUNPATH_SEARCH_PATHS = (
					"$(inherited)",
					"@executable_path/Frameworks",
				);
				MARKETING_VERSION = 1.0;
				PRODUCT_BUNDLE_IDENTIFIER = Imamagomedov.AplicationsLoginName;
				PRODUCT_NAME = "$(TARGET_NAME)";
				SWIFT_EMIT_LOC_STRINGS = YES;
				SWIFT_VERSION = 5.0;
				TARGETED_DEVICE_FAMILY = 1;
			};
			name = Release;
		};
/* End XCBuildConfiguration section */

/* Begin XCConfigurationList section */
		63D6B799299A3275001049A1 /* Build configuration list for PBXProject "AplicationsLoginName" */ = {
			isa = XCConfigurationList;
			buildConfigurations = (
				63D6B7B0299A3278001049A1 /* Debug */,
				63D6B7B1299A3278001049A1 /* Release */,
			);
			defaultConfigurationIsVisible = 0;
			defaultConfigurationName = Release;
		};
		63D6B7B2299A3278001049A1 /* Build configuration list for PBXNativeTarget "AplicationsLoginName" */ = {
			isa = XCConfigurationList;
			buildConfigurations = (
				63D6B7B3299A3278001049A1 /* Debug */,
				63D6B7B4299A3278001049A1 /* Release */,
			);
			defaultConfigurationIsVisible = 0;
			defaultConfigurationName = Release;
		};
/* End XCConfigurationList section */
	};
	rootObject = 63D6B796299A3275001049A1 /* Project object */;
}
